<?xml version="1.0" encoding="utf-8"?>
<Project ToolsVersion="4.0" xmlns="http://schemas.microsoft.com/developer/msbuild/2003">
  <ItemGroup>
    <Text Include="code todo.txt" />
  </ItemGroup>
  <ItemGroup>
    <ClInclude Include="Processor.hpp" />
    <ClInclude Include="CoreBlock.hpp" />
    <ClInclude Include="Task.hpp" />
    <ClInclude Include="Thread.hpp" />
    <ClInclude Include="simutil.hpp" />
    <ClInclude Include="SimConfig.hpp" />
    <ClInclude Include="Router.hpp" />
    <ClInclude Include="Message.hpp" />
    <ClInclude Include="MMU.h" />
    <ClInclude Include="Tile.hpp" />
    <ClInclude Include="Cache.hpp" />
    <ClInclude Include="TaskBlock.hpp" />
    <ClInclude Include="CPU.hpp" />
    <ClInclude Include="GlobalMemoryController.hpp" />
  </ItemGroup>
  <ItemGroup>
    <ClCompile Include="main.cpp" />
  </ItemGroup>
</Project>