<?xml version="1.0" encoding="utf-8"?>
<Project ToolsVersion="4.0" xmlns="http://schemas.microsoft.com/developer/msbuild/2003">
  <ItemGroup>
    <Filter Include="Source Files">
      <UniqueIdentifier>{4FC737F1-C7A5-4376-A066-2A32D752A2FF}</UniqueIdentifier>
      <Extensions>cpp;c;cc;cxx;def;odl;idl;hpj;bat;asm;asmx</Extensions>
    </Filter>
    <Filter Include="Header Files">
      <UniqueIdentifier>{93995380-89BD-4b04-88EB-625FBE52EBFB}</UniqueIdentifier>
      <Extensions>h;hpp;hxx;hm;inl;inc;xsd</Extensions>
    </Filter>
    <Filter Include="Resource Files">
      <UniqueIdentifier>{67DA6AB6-F800-4c08-8B7A-83BB121AAD01}</UniqueIdentifier>
      <Extensions>rc;ico;cur;bmp;dlg;rc2;rct;bin;rgs;gif;jpg;jpeg;jpe;resx;tiff;tif;png;wav</Extensions>
    </Filter>
  </ItemGroup>
  <ItemGroup>
    <ClCompile Include="external\armulator\src\ARM.cpp">
      <Filter>Source Files</Filter>
    </ClCompile>
    <ClCompile Include="external\armulator\src\elf_file.cpp">
      <Filter>Source Files</Filter>
    </ClCompile>
    <ClCompile Include="external\armulator\src\main.cpp">
      <Filter>Source Files</Filter>
    </ClCompile>
    <ClCompile Include="external\armulator\src\MMU.cpp">
      <Filter>Source Files</Filter>
    </ClCompile>
    <ClCompile Include="external\armulator\src\swi_semihost.cpp">
      <Filter>Source Files</Filter>
    </ClCompile>
    <ClCompile Include="external\armulator\src\Thumb.cpp">
      <Filter>Source Files</Filter>
    </ClCompile>
    <ClCompile Include="external\boost\libs\smart_ptr\src\sp_collector.cpp">
      <Filter>Source Files</Filter>
    </ClCompile>
    <ClCompile Include="external\boost\libs\smart_ptr\src\sp_debug_hooks.cpp">
      <Filter>Source Files</Filter>
    </ClCompile>
    <ClCompile Include="src\Cache.cpp">
      <Filter>Source Files</Filter>
    </ClCompile>
    <ClCompile Include="src\CoreBlock.cpp">
      <Filter>Source Files</Filter>
    </ClCompile>
    <ClCompile Include="src\CPU.cpp">
      <Filter>Source Files</Filter>
    </ClCompile>
    <ClCompile Include="src\GlobalMemoryController.cpp">
      <Filter>Source Files</Filter>
    </ClCompile>
    <ClCompile Include="src\IniLoader.cpp">
      <Filter>Source Files</Filter>
    </ClCompile>
    <ClCompile Include="src\main.cpp">
      <Filter>Source Files</Filter>
    </ClCompile>
    <ClCompile Include="src\Message.cpp">
      <Filter>Source Files</Filter>
    </ClCompile>
    <ClCompile Include="src\MMU.cpp">
      <Filter>Source Files</Filter>
    </ClCompile>
    <ClCompile Include="src\Processor.cpp">
      <Filter>Source Files</Filter>
    </ClCompile>
    <ClCompile Include="src\Router.cpp">
      <Filter>Source Files</Filter>
    </ClCompile>
    <ClCompile Include="src\SimConfig.cpp">
      <Filter>Source Files</Filter>
    </ClCompile>
    <ClCompile Include="src\simutil.cpp">
      <Filter>Source Files</Filter>
    </ClCompile>
    <ClCompile Include="src\Task.cpp">
      <Filter>Source Files</Filter>
    </ClCompile>
    <ClCompile Include="src\TaskBlock.cpp">
      <Filter>Source Files</Filter>
    </ClCompile>
    <ClCompile Include="src\Thread.cpp">
      <Filter>Source Files</Filter>
    </ClCompile>
    <ClCompile Include="src\Tile.cpp">
      <Filter>Source Files</Filter>
    </ClCompile>
  </ItemGroup>
  <ItemGroup>
    <ClInclude Include="src\Cache.hpp">
      <Filter>Header Files</Filter>
    </ClInclude>
    <ClInclude Include="src\CoreBlock.hpp">
      <Filter>Header Files</Filter>
    </ClInclude>
    <ClInclude Include="src\CPU.hpp">
      <Filter>Header Files</Filter>
    </ClInclude>
    <ClInclude Include="src\GlobalMemoryController.hpp">
      <Filter>Header Files</Filter>
    </ClInclude>
    <ClInclude Include="src\Message.hpp">
      <Filter>Header Files</Filter>
    </ClInclude>
    <ClInclude Include="src\MMU.hpp">
      <Filter>Header Files</Filter>
    </ClInclude>
    <ClInclude Include="src\Processor.hpp">
      <Filter>Header Files</Filter>
    </ClInclude>
    <ClInclude Include="src\Router.hpp">
      <Filter>Header Files</Filter>
    </ClInclude>
    <ClInclude Include="src\SimConfig.hpp">
      <Filter>Header Files</Filter>
    </ClInclude>
    <ClInclude Include="src\SimpleIni.h">
      <Filter>Header Files</Filter>
    </ClInclude>
    <ClInclude Include="src\simutil.hpp">
      <Filter>Header Files</Filter>
    </ClInclude>
    <ClInclude Include="src\Task.hpp">
      <Filter>Header Files</Filter>
    </ClInclude>
    <ClInclude Include="src\TaskBlock.hpp">
      <Filter>Header Files</Filter>
    </ClInclude>
    <ClInclude Include="src\Thread.hpp">
      <Filter>Header Files</Filter>
    </ClInclude>
    <ClInclude Include="src\Tile.hpp">
      <Filter>Header Files</Filter>
    </ClInclude>
    <ClInclude Include="src\IniLoader.h">
      <Filter>Header Files</Filter>
    </ClInclude>
  </ItemGroup>
</Project>